<?xml version="1.0" encoding="UTF-8" standalone="yes" ?>
<CodeBlocks_project_file>
	<FileVersion major="1" minor="6" />
	<Project>
		<Option title="MUDserver" />
		<Option pch_mode="2" />
		<Option compiler="gcc" />
		<Build>
			<Target title="Debug">
				<Option output="bin/Debug/MUDserver" prefix_auto="1" extension_auto="1" />
				<Option object_output="obj/Debug/" />
				<Option type="1" />
				<Option compiler="gcc" />
				<Compiler>
					<Add option="-g" />
					<Add option="-std=c++14" />
				</Compiler>
				<Linker>
					<Add library="pthread" />
					<Add library="event_core" />
				</Linker>
			</Target>
			<Target title="Release">
				<Option output="bin/Release/MUDserver" prefix_auto="1" extension_auto="1" />
				<Option object_output="obj/Release/" />
				<Option type="1" />
				<Option compiler="gcc" />
				<Compiler>
					<Add option="-O2" />
				</Compiler>
				<Linker>
					<Add option="-s" />
				</Linker>
			</Target>
		</Build>
		<Compiler>
			<Add option="-std=c++0x" />
			<Add option="-Wall" />
			<Add option="-fexceptions" />
		</Compiler>
		<Unit filename="ConnectionList.cpp" />
		<Unit filename="ConnectionList.h" />
		<Unit filename="EntityList.cpp" />
		<Unit filename="EntityList.h" />
		<Unit filename="FileParser.cpp" />
		<Unit filename="FileParser.h" />
		<Unit filename="GameEntity.cpp" />
		<Unit filename="GameEntity.h" />
		<Unit filename="GameWorld.cpp" />
		<Unit filename="GameWorld.h" />
		<Unit filename="Item.cpp" />
		<Unit filename="Item.h" />
		<Unit filename="MUDServer_libevent.cpp" />
		<Unit filename="Message.cpp" />
		<Unit filename="Message.h" />
		<Unit filename="MessageBuffer.cpp" />
		<Unit filename="MessageBuffer.h" />
		<Unit filename="Parser.cpp" />
		<Unit filename="Parser.h" />
		<Unit filename="Player.cpp" />
		<Unit filename="Player.h" />
		<Unit filename="PlayerStats.cpp" />
		<Unit filename="PlayerStats.h" />
		<Unit filename="Room.cpp" />
		<Unit filename="Room.h" />
		<Unit filename="Server.cpp" />
		<Unit filename="Server.h" />
		<Unit filename="TCPListener.cpp" />
		<Unit filename="TCPListener.h" />
		<Unit filename="TCPStream.cpp" />
		<Unit filename="TCPStream.h" />
		<Unit filename="Utility.cpp" />
		<Unit filename="Utility.h" />
		<Extensions>
			<code_completion />
			<debugger />
		</Extensions>
	</Project>
</CodeBlocks_project_file>
